
Microsoft Visual Studio Solution File, Format Version 12.00
# Visual Studio Version 17
VisualStudioVersion = 17.11.35312.102
MinimumVisualStudioVersion = 10.0.40219.1
Project("{FAE04EC0-301F-11D3-BF4B-00C04F79EFBC}") = "Week6StringAndArrays", "Week6StringAndArrays\Week6StringAndArrays.csproj", "{C3352CB0-498C-4F59-8FFA-C32AAE22B965}"
EndProject
Project("{FAE04EC0-301F-11D3-BF4B-00C04F79EFBC}") = "Arrays", "Arrays\Arrays.csproj", "{6CC92453-78E0-4789-95AF-2719BE5D15DA}"
EndProject
Project("{FAE04EC0-301F-11D3-BF4B-00C04F79EFBC}") = "NumberArrays", "NumberArrays\NumberArrays.csproj", "{A13F9AAD-1820-4A5D-B997-A75EF1BD86E9}"
EndProject
Project("{FAE04EC0-301F-11D3-BF4B-00C04F79EFBC}") = "RandomElement", "RandomElement\RandomElement.csproj", "{844FD109-10A5-4957-8E90-5555F0717E0D}"
EndProject
Global
	GlobalSection(SolutionConfigurationPlatforms) = preSolution
		Debug|Any CPU = Debug|Any CPU
		Release|Any CPU = Release|Any CPU
	EndGlobalSection
	GlobalSection(ProjectConfigurationPlatforms) = postSolution
		{C3352CB0-498C-4F59-8FFA-C32AAE22B965}.Debug|Any CPU.ActiveCfg = Debug|Any CPU
		{C3352CB0-498C-4F59-8FFA-C32AAE22B965}.Debug|Any CPU.Build.0 = Debug|Any CPU
		{C3352CB0-498C-4F59-8FFA-C32AAE22B965}.Release|Any CPU.ActiveCfg = Release|Any CPU
		{C3352CB0-498C-4F59-8FFA-C32AAE22B965}.Release|Any CPU.Build.0 = Release|Any CPU
		{6CC92453-78E0-4789-95AF-2719BE5D15DA}.Debug|Any CPU.ActiveCfg = Debug|Any CPU
		{6CC92453-78E0-4789-95AF-2719BE5D15DA}.Debug|Any CPU.Build.0 = Debug|Any CPU
		{6CC92453-78E0-4789-95AF-2719BE5D15DA}.Release|Any CPU.ActiveCfg = Release|Any CPU
		{6CC92453-78E0-4789-95AF-2719BE5D15DA}.Release|Any CPU.Build.0 = Release|Any CPU
		{A13F9AAD-1820-4A5D-B997-A75EF1BD86E9}.Debug|Any CPU.ActiveCfg = Debug|Any CPU
		{A13F9AAD-1820-4A5D-B997-A75EF1BD86E9}.Debug|Any CPU.Build.0 = Debug|Any CPU
		{A13F9AAD-1820-4A5D-B997-A75EF1BD86E9}.Release|Any CPU.ActiveCfg = Release|Any CPU
		{A13F9AAD-1820-4A5D-B997-A75EF1BD86E9}.Release|Any CPU.Build.0 = Release|Any CPU
		{844FD109-10A5-4957-8E90-5555F0717E0D}.Debug|Any CPU.ActiveCfg = Debug|Any CPU
		{844FD109-10A5-4957-8E90-5555F0717E0D}.Debug|Any CPU.Build.0 = Debug|Any CPU
		{844FD109-10A5-4957-8E90-5555F0717E0D}.Release|Any CPU.ActiveCfg = Release|Any CPU
		{844FD109-10A5-4957-8E90-5555F0717E0D}.Release|Any CPU.Build.0 = Release|Any CPU
	EndGlobalSection
	GlobalSection(SolutionProperties) = preSolution
		HideSolutionNode = FALSE
	EndGlobalSection
	GlobalSection(ExtensibilityGlobals) = postSolution
		SolutionGuid = {7C49E0E6-F9B9-4AFD-9241-6CD83E69AFD8}
	EndGlobalSection
EndGlobal
